
Microsoft Visual Studio Solution File, Format Version 12.00
# Visual Studio Version 16
VisualStudioVersion = 16.0.30523.141
MinimumVisualStudioVersion = 10.0.40219.1
Project("{FAE04EC0-301F-11D3-BF4B-00C04F79EFBC}") = "WPFDiagram", "WPFDiagram\WPFDiagram.csproj", "{386617A8-B75B-4CAE-B1C8-EB70A824DBCE}"
EndProject
Global
	GlobalSection(SolutionConfigurationPlatforms) = preSolution
		Debug|Any CPU = Debug|Any CPU
		Release|Any CPU = Release|Any CPU
	EndGlobalSection
	GlobalSection(ProjectConfigurationPlatforms) = postSolution
		{386617A8-B75B-4CAE-B1C8-EB70A824DBCE}.Debug|Any CPU.ActiveCfg = Debug|Any CPU
		{386617A8-B75B-4CAE-B1C8-EB70A824DBCE}.Debug|Any CPU.Build.0 = Debug|Any CPU
		{386617A8-B75B-4CAE-B1C8-EB70A824DBCE}.Release|Any CPU.ActiveCfg = Release|Any CPU
		{386617A8-B75B-4CAE-B1C8-EB70A824DBCE}.Release|Any CPU.Build.0 = Release|Any CPU
	EndGlobalSection
	GlobalSection(SolutionProperties) = preSolution
		HideSolutionNode = FALSE
	EndGlobalSection
	GlobalSection(ExtensibilityGlobals) = postSolution
		SolutionGuid = {5A855C9A-1DEA-4349-B4D1-3EFAC9E9F3FB}
	EndGlobalSection
EndGlobal
